
Microsoft Visual Studio Solution File, Format Version 12.00
# Visual Studio 15
VisualStudioVersion = 15.0.26730.12
MinimumVisualStudioVersion = 10.0.40219.1
Project("{9A19103F-16F7-4668-BE54-9A1E7A4F7556}") = "NhanSuAPI", "NhanSuAPI\NhanSuAPI.csproj", "{5FFDA811-D92A-4EFC-87CF-BAA0DA6FA524}"
EndProject
Project("{FAE04EC0-301F-11D3-BF4B-00C04F79EFBC}") = "NhanSuUI", "NhanSuUI\NhanSuUI.csproj", "{ED618609-336E-42DF-9CDB-51267014A693}"
EndProject
Global
	GlobalSection(SolutionConfigurationPlatforms) = preSolution
		Debug|Any CPU = Debug|Any CPU
		Release|Any CPU = Release|Any CPU
	EndGlobalSection
	GlobalSection(ProjectConfigurationPlatforms) = postSolution
		{5FFDA811-D92A-4EFC-87CF-BAA0DA6FA524}.Debug|Any CPU.ActiveCfg = Debug|Any CPU
		{5FFDA811-D92A-4EFC-87CF-BAA0DA6FA524}.Debug|Any CPU.Build.0 = Debug|Any CPU
		{5FFDA811-D92A-4EFC-87CF-BAA0DA6FA524}.Release|Any CPU.ActiveCfg = Release|Any CPU
		{5FFDA811-D92A-4EFC-87CF-BAA0DA6FA524}.Release|Any CPU.Build.0 = Release|Any CPU
		{ED618609-336E-42DF-9CDB-51267014A693}.Debug|Any CPU.ActiveCfg = Debug|Any CPU
		{ED618609-336E-42DF-9CDB-51267014A693}.Debug|Any CPU.Build.0 = Debug|Any CPU
		{ED618609-336E-42DF-9CDB-51267014A693}.Release|Any CPU.ActiveCfg = Release|Any CPU
		{ED618609-336E-42DF-9CDB-51267014A693}.Release|Any CPU.Build.0 = Release|Any CPU
	EndGlobalSection
	GlobalSection(SolutionProperties) = preSolution
		HideSolutionNode = FALSE
	EndGlobalSection
	GlobalSection(ExtensibilityGlobals) = postSolution
		SolutionGuid = {8200700D-16CD-470F-9407-23B99D7BFC16}
	EndGlobalSection
EndGlobal
